// !$*UTF8*$!
{
	archiveVersion = 1;
	classes = {
	};
	objectVersion = 50;
	objects = {

/* Begin PBXBuildFile section */
		1D0EE2AF26B2EE560037AA5C /* AppDelegate.swift in Sources */ = {isa = PBXBuildFile; fileRef = 1D0EE2AE26B2EE560037AA5C /* AppDelegate.swift */; };
		1D0EE2B126B2EE560037AA5C /* SceneDelegate.swift in Sources */ = {isa = PBXBuildFile; fileRef = 1D0EE2B026B2EE560037AA5C /* SceneDelegate.swift */; };
		1D0EE2B326B2EE560037AA5C /* ViewController.swift in Sources */ = {isa = PBXBuildFile; fileRef = 1D0EE2B226B2EE560037AA5C /* ViewController.swift */; };
		1D0EE2B626B2EE560037AA5C /* Main.storyboard in Resources */ = {isa = PBXBuildFile; fileRef = 1D0EE2B426B2EE560037AA5C /* Main.storyboard */; };
		1D0EE2B826B2EE5F0037AA5C /* Assets.xcassets in Resources */ = {isa = PBXBuildFile; fileRef = 1D0EE2B726B2EE5F0037AA5C /* Assets.xcassets */; };
		1D0EE2BB26B2EE5F0037AA5C /* LaunchScreen.storyboard in Resources */ = {isa = PBXBuildFile; fileRef = 1D0EE2B926B2EE5F0037AA5C /* LaunchScreen.storyboard */; };
		1D0EE2C626B2EE600037AA5C /* KWK_Mini_Project_1Tests.swift in Sources */ = {isa = PBXBuildFile; fileRef = 1D0EE2C526B2EE600037AA5C /* KWK_Mini_Project_1Tests.swift */; };
		1D0EE2D126B2EE600037AA5C /* KWK_Mini_Project_1UITests.swift in Sources */ = {isa = PBXBuildFile; fileRef = 1D0EE2D026B2EE600037AA5C /* KWK_Mini_Project_1UITests.swift */; };
/* End PBXBuildFile section */

/* Begin PBXContainerItemProxy section */
		1D0EE2C226B2EE600037AA5C /* PBXContainerItemProxy */ = {
			isa = PBXContainerItemProxy;
			containerPortal = 1D0EE2A326B2EE560037AA5C /* Project object */;
			proxyType = 1;
			remoteGlobalIDString = 1D0EE2AA26B2EE560037AA5C;
			remoteInfo = "KWK Mini Project 1";
		};
		1D0EE2CD26B2EE600037AA5C /* PBXContainerItemProxy */ = {
			isa = PBXContainerItemProxy;
			containerPortal = 1D0EE2A326B2EE560037AA5C /* Project object */;
			proxyType = 1;
			remoteGlobalIDString = 1D0EE2AA26B2EE560037AA5C;
			remoteInfo = "KWK Mini Project 1";
		};
/* End PBXContainerItemProxy section */

/* Begin PBXFileReference section */
		1D0EE2AB26B2EE560037AA5C /* KWK Mini Project 1.app */ = {isa = PBXFileReference; explicitFileType = wrapper.application; includeInIndex = 0; path = "KWK Mini Project 1.app"; sourceTree = BUILT_PRODUCTS_DIR; };
		1D0EE2AE26B2EE560037AA5C /* AppDelegate.swift */ = {isa = PBXFileReference; lastKnownFileType = sourcecode.swift; path = AppDelegate.swift; sourceTree = "<group>"; };
		1D0EE2B026B2EE560037AA5C /* SceneDelegate.swift */ = {isa = PBXFileReference; lastKnownFileType = sourcecode.swift; path = SceneDelegate.swift; sourceTree = "<group>"; };
		1D0EE2B226B2EE560037AA5C /* ViewController.swift */ = {isa = PBXFileReference; lastKnownFileType = sourcecode.swift; path = ViewController.swift; sourceTree = "<group>"; };
		1D0EE2B526B2EE560037AA5C /* Base */ = {isa = PBXFileReference; lastKnownFileType = file.storyboard; name = Base; path = Base.lproj/Main.storyboard; sourceTree = "<group>"; };
		1D0EE2B726B2EE5F0037AA5C /* Assets.xcassets */ = {isa = PBXFileReference; lastKnownFileType = folder.assetcatalog; path = Assets.xcassets; sourceTree = "<group>"; };
		1D0EE2BA26B2EE5F0037AA5C /* Base */ = {isa = PBXFileReference; lastKnownFileType = file.storyboard; name = Base; path = Base.lproj/LaunchScreen.storyboard; sourceTree = "<group>"; };
		1D0EE2BC26B2EE5F0037AA5C /* Info.plist */ = {isa = PBXFileReference; lastKnownFileType = text.plist.xml; path = Info.plist; sourceTree = "<group>"; };
		1D0EE2C126B2EE600037AA5C /* KWK Mini Project 1Tests.xctest */ = {isa = PBXFileReference; explicitFileType = wrapper.cfbundle; includeInIndex = 0; path = "KWK Mini Project 1Tests.xctest"; sourceTree = BUILT_PRODUCTS_DIR; };
		1D0EE2C526B2EE600037AA5C /* KWK_Mini_Project_1Tests.swift */ = {isa = PBXFileReference; lastKnownFileType = sourcecode.swift; path = KWK_Mini_Project_1Tests.swift; sourceTree = "<group>"; };
		1D0EE2C726B2EE600037AA5C /* Info.plist */ = {isa = PBXFileReference; lastKnownFileType = text.plist.xml; path = Info.plist; sourceTree = "<group>"; };
		1D0EE2CC26B2EE600037AA5C /* KWK Mini Project 1UITests.xctest */ = {isa = PBXFileReference; explicitFileType = wrapper.cfbundle; includeInIndex = 0; path = "KWK Mini Project 1UITests.xctest"; sourceTree = BUILT_PRODUCTS_DIR; };
		1D0EE2D026B2EE600037AA5C /* KWK_Mini_Project_1UITests.swift */ = {isa = PBXFileReference; lastKnownFileType = sourcecode.swift; path = KWK_Mini_Project_1UITests.swift; sourceTree = "<group>"; };
		1D0EE2D226B2EE600037AA5C /* Info.plist */ = {isa = PBXFileReference; lastKnownFileType = text.plist.xml; path = Info.plist; sourceTree = "<group>"; };
/* End PBXFileReference section */

/* Begin PBXFrameworksBuildPhase section */
		1D0EE2A826B2EE560037AA5C /* Frameworks */ = {
			isa = PBXFrameworksBuildPhase;
			buildActionMask = 2147483647;
			files = (
			);
			runOnlyForDeploymentPostprocessing = 0;
		};
		1D0EE2BE26B2EE600037AA5C /* Frameworks */ = {
			isa = PBXFrameworksBuildPhase;
			buildActionMask = 2147483647;
			files = (
			);
			runOnlyForDeploymentPostprocessing = 0;
		};
		1D0EE2C926B2EE600037AA5C /* Frameworks */ = {
			isa = PBXFrameworksBuildPhase;
			buildActionMask = 2147483647;
			files = (
			);
			runOnlyForDeploymentPostprocessing = 0;
		};
/* End PBXFrameworksBuildPhase section */

/* Begin PBXGroup section */
		1D0EE2A226B2EE560037AA5C = {
			isa = PBXGroup;
			children = (
				1D0EE2AD26B2EE560037AA5C /* KWK Mini Project 1 */,
				1D0EE2C426B2EE600037AA5C /* KWK Mini Project 1Tests */,
				1D0EE2CF26B2EE600037AA5C /* KWK Mini Project 1UITests */,
				1D0EE2AC26B2EE560037AA5C /* Products */,
			);
			sourceTree = "<group>";
		};
		1D0EE2AC26B2EE560037AA5C /* Products */ = {
			isa = PBXGroup;
			children = (
				1D0EE2AB26B2EE560037AA5C /* KWK Mini Project 1.app */,
				1D0EE2C126B2EE600037AA5C /* KWK Mini Project 1Tests.xctest */,
				1D0EE2CC26B2EE600037AA5C /* KWK Mini Project 1UITests.xctest */,
			);
			name = Products;
			sourceTree = "<group>";
		};
		1D0EE2AD26B2EE560037AA5C /* KWK Mini Project 1 */ = {
			isa = PBXGroup;
			children = (
				1D0EE2AE26B2EE560037AA5C /* AppDelegate.swift */,
				1D0EE2B026B2EE560037AA5C /* SceneDelegate.swift */,
				1D0EE2B226B2EE560037AA5C /* ViewController.swift */,
				1D0EE2B426B2EE560037AA5C /* Main.storyboard */,
				1D0EE2B726B2EE5F0037AA5C /* Assets.xcassets */,
				1D0EE2B926B2EE5F0037AA5C /* LaunchScreen.storyboard */,
				1D0EE2BC26B2EE5F0037AA5C /* Info.plist */,
			);
			path = "KWK Mini Project 1";
			sourceTree = "<group>";
		};
		1D0EE2C426B2EE600037AA5C /* KWK Mini Project 1Tests */ = {
			isa = PBXGroup;
			children = (
				1D0EE2C526B2EE600037AA5C /* KWK_Mini_Project_1Tests.swift */,
				1D0EE2C726B2EE600037AA5C /* Info.plist */,
			);
			path = "KWK Mini Project 1Tests";
			sourceTree = "<group>";
		};
		1D0EE2CF26B2EE600037AA5C /* KWK Mini Project 1UITests */ = {
			isa = PBXGroup;
			children = (
				1D0EE2D026B2EE600037AA5C /* KWK_Mini_Project_1UITests.swift */,
				1D0EE2D226B2EE600037AA5C /* Info.plist */,
			);
			path = "KWK Mini Project 1UITests";
			sourceTree = "<group>";
		};
/* End PBXGroup section */

/* Begin PBXNativeTarget section */
		1D0EE2AA26B2EE560037AA5C /* KWK Mini Project 1 */ = {
			isa = PBXNativeTarget;
			buildConfigurationList = 1D0EE2D526B2EE600037AA5C /* Build configuration list for PBXNativeTarget "KWK Mini Project 1" */;
			buildPhases = (
				1D0EE2A726B2EE560037AA5C /* Sources */,
				1D0EE2A826B2EE560037AA5C /* Frameworks */,
				1D0EE2A926B2EE560037AA5C /* Resources */,
			);
			buildRules = (
			);
			dependencies = (
			);
			name = "KWK Mini Project 1";
			productName = "KWK Mini Project 1";
			productReference = 1D0EE2AB26B2EE560037AA5C /* KWK Mini Project 1.app */;
			productType = "com.apple.product-type.application";
		};
		1D0EE2C026B2EE600037AA5C /* KWK Mini Project 1Tests */ = {
			isa = PBXNativeTarget;
			buildConfigurationList = 1D0EE2D826B2EE600037AA5C /* Build configuration list for PBXNativeTarget "KWK Mini Project 1Tests" */;
			buildPhases = (
				1D0EE2BD26B2EE600037AA5C /* Sources */,
				1D0EE2BE26B2EE600037AA5C /* Frameworks */,
				1D0EE2BF26B2EE600037AA5C /* Resources */,
			);
			buildRules = (
			);
			dependencies = (
				1D0EE2C326B2EE600037AA5C /* PBXTargetDependency */,
			);
			name = "KWK Mini Project 1Tests";
			productName = "KWK Mini Project 1Tests";
			productReference = 1D0EE2C126B2EE600037AA5C /* KWK Mini Project 1Tests.xctest */;
			productType = "com.apple.product-type.bundle.unit-test";
		};
		1D0EE2CB26B2EE600037AA5C /* KWK Mini Project 1UITests */ = {
			isa = PBXNativeTarget;
			buildConfigurationList = 1D0EE2DB26B2EE600037AA5C /* Build configuration list for PBXNativeTarget "KWK Mini Project 1UITests" */;
			buildPhases = (
				1D0EE2C826B2EE600037AA5C /* Sources */,
				1D0EE2C926B2EE600037AA5C /* Frameworks */,
				1D0EE2CA26B2EE600037AA5C /* Resources */,
			);
			buildRules = (
			);
			dependencies = (
				1D0EE2CE26B2EE600037AA5C /* PBXTargetDependency */,
			);
			name = "KWK Mini Project 1UITests";
			productName = "KWK Mini Project 1UITests";
			productReference = 1D0EE2CC26B2EE600037AA5C /* KWK Mini Project 1UITests.xctest */;
			productType = "com.apple.product-type.bundle.ui-testing";
		};
/* End PBXNativeTarget section */

/* Begin PBXProject section */
		1D0EE2A326B2EE560037AA5C /* Project object */ = {
			isa = PBXProject;
			attributes = {
				LastSwiftUpdateCheck = 1240;
				LastUpgradeCheck = 1240;
				TargetAttributes = {
					1D0EE2AA26B2EE560037AA5C = {
						CreatedOnToolsVersion = 12.4;
					};
					1D0EE2C026B2EE600037AA5C = {
						CreatedOnToolsVersion = 12.4;
						TestTargetID = 1D0EE2AA26B2EE560037AA5C;
					};
					1D0EE2CB26B2EE600037AA5C = {
						CreatedOnToolsVersion = 12.4;
						TestTargetID = 1D0EE2AA26B2EE560037AA5C;
					};
				};
			};
			buildConfigurationList = 1D0EE2A626B2EE560037AA5C /* Build configuration list for PBXProject "KWK Mini Project 1" */;
			compatibilityVersion = "Xcode 9.3";
			developmentRegion = en;
			hasScannedForEncodings = 0;
			knownRegions = (
				en,
				Base,
			);
			mainGroup = 1D0EE2A226B2EE560037AA5C;
			productRefGroup = 1D0EE2AC26B2EE560037AA5C /* Products */;
			projectDirPath = "";
			projectRoot = "";
			targets = (
				1D0EE2AA26B2EE560037AA5C /* KWK Mini Project 1 */,
				1D0EE2C026B2EE600037AA5C /* KWK Mini Project 1Tests */,
				1D0EE2CB26B2EE600037AA5C /* KWK Mini Project 1UITests */,
			);
		};
/* End PBXProject section */

/* Begin PBXResourcesBuildPhase section */
		1D0EE2A926B2EE560037AA5C /* Resources */ = {
			isa = PBXResourcesBuildPhase;
			buildActionMask = 2147483647;
			files = (
				1D0EE2BB26B2EE5F0037AA5C /* LaunchScreen.storyboard in Resources */,
				1D0EE2B826B2EE5F0037AA5C /* Assets.xcassets in Resources */,
				1D0EE2B626B2EE560037AA5C /* Main.storyboard in Resources */,
			);
			runOnlyForDeploymentPostprocessing = 0;
		};
		1D0EE2BF26B2EE600037AA5C /* Resources */ = {
			isa = PBXResourcesBuildPhase;
			buildActionMask = 2147483647;
			files = (
			);
			runOnlyForDeploymentPostprocessing = 0;
		};
		1D0EE2CA26B2EE600037AA5C /* Resources */ = {
			isa = PBXResourcesBuildPhase;
			buildActionMask = 2147483647;
			files = (
			);
			runOnlyForDeploymentPostprocessing = 0;
		};
/* End PBXResourcesBuildPhase section */

/* Begin PBXSourcesBuildPhase section */
		1D0EE2A726B2EE560037AA5C /* Sources */ = {
			isa = PBXSourcesBuildPhase;
			buildActionMask = 2147483647;
			files = (
				1D0EE2B326B2EE560037AA5C /* ViewController.swift in Sources */,
				1D0EE2AF26B2EE560037AA5C /* AppDelegate.swift in Sources */,
				1D0EE2B126B2EE560037AA5C /* SceneDelegate.swift in Sources */,
			);
			runOnlyForDeploymentPostprocessing = 0;
		};
		1D0EE2BD26B2EE600037AA5C /* Sources */ = {
			isa = PBXSourcesBuildPhase;
			buildActionMask = 2147483647;
			files = (
				1D0EE2C626B2EE600037AA5C /* KWK_Mini_Project_1Tests.swift in Sources */,
			);
			runOnlyForDeploymentPostprocessing = 0;
		};
		1D0EE2C826B2EE600037AA5C /* Sources */ = {
			isa = PBXSourcesBuildPhase;
			buildActionMask = 2147483647;
			files = (
				1D0EE2D126B2EE600037AA5C /* KWK_Mini_Project_1UITests.swift in Sources */,
			);
			runOnlyForDeploymentPostprocessing = 0;
		};
/* End PBXSourcesBuildPhase section */

/* Begin PBXTargetDependency section */
		1D0EE2C326B2EE600037AA5C /* PBXTargetDependency */ = {
			isa = PBXTargetDependency;
			target = 1D0EE2AA26B2EE560037AA5C /* KWK Mini Project 1 */;
			targetProxy = 1D0EE2C226B2EE600037AA5C /* PBXContainerItemProxy */;
		};
		1D0EE2CE26B2EE600037AA5C /* PBXTargetDependency */ = {
			isa = PBXTargetDependency;
			target = 1D0EE2AA26B2EE560037AA5C /* KWK Mini Project 1 */;
			targetProxy = 1D0EE2CD26B2EE600037AA5C /* PBXContainerItemProxy */;
		};
/* End PBXTargetDependency section */

/* Begin PBXVariantGroup section */
		1D0EE2B426B2EE560037AA5C /* Main.storyboard */ = {
			isa = PBXVariantGroup;
			children = (
				1D0EE2B526B2EE560037AA5C /* Base */,
			);
			name = Main.storyboard;
			sourceTree = "<group>";
		};
		1D0EE2B926B2EE5F0037AA5C /* LaunchScreen.storyboard */ = {
			isa = PBXVariantGroup;
			children = (
				1D0EE2BA26B2EE5F0037AA5C /* Base */,
			);
			name = LaunchScreen.storyboard;
			sourceTree = "<group>";
		};
/* End PBXVariantGroup section */

/* Begin XCBuildConfiguration section */
		1D0EE2D326B2EE600037AA5C /* Debug */ = {
			isa = XCBuildConfiguration;
			buildSettings = {
				ALWAYS_SEARCH_USER_PATHS = NO;
				CLANG_ANALYZER_NONNULL = YES;
				CLANG_ANALYZER_NUMBER_OBJECT_CONVERSION = YES_AGGRESSIVE;
				CLANG_CXX_LANGUAGE_STANDARD = "gnu++14";
				CLANG_CXX_LIBRARY = "libc++";
				CLANG_ENABLE_MODULES = YES;
				CLANG_ENABLE_OBJC_ARC = YES;
				CLANG_ENABLE_OBJC_WEAK = YES;
				CLANG_WARN_BLOCK_CAPTURE_AUTORELEASING = YES;
				CLANG_WARN_BOOL_CONVERSION = YES;
				CLANG_WARN_COMMA = YES;
				CLANG_WARN_CONSTANT_CONVERSION = YES;
				CLANG_WARN_DEPRECATED_OBJC_IMPLEMENTATIONS = YES;
				CLANG_WARN_DIRECT_OBJC_ISA_USAGE = YES_ERROR;
				CLANG_WARN_DOCUMENTATION_COMMENTS = YES;
				CLANG_WARN_EMPTY_BODY = YES;
				CLANG_WARN_ENUM_CONVERSION = YES;
				CLANG_WARN_INFINITE_RECURSION = YES;
				CLANG_WARN_INT_CONVERSION = YES;
				CLANG_WARN_NON_LITERAL_NULL_CONVERSION = YES;
				CLANG_WARN_OBJC_IMPLICIT_RETAIN_SELF = YES;
				CLANG_WARN_OBJC_LITERAL_CONVERSION = YES;
				CLANG_WARN_OBJC_ROOT_CLASS = YES_ERROR;
				CLANG_WARN_QUOTED_INCLUDE_IN_FRAMEWORK_HEADER = YES;
				CLANG_WARN_RANGE_LOOP_ANALYSIS = YES;
				CLANG_WARN_STRICT_PROTOTYPES = YES;
				CLANG_WARN_SUSPICIOUS_MOVE = YES;
				CLANG_WARN_UNGUARDED_AVAILABILITY = YES_AGGRESSIVE;
				CLANG_WARN_UNREACHABLE_CODE = YES;
				CLANG_WARN__DUPLICATE_METHOD_MATCH = YES;
				COPY_PHASE_STRIP = NO;
				DEBUG_INFORMATION_FORMAT = dwarf;
				ENABLE_STRICT_OBJC_MSGSEND = YES;
				ENABLE_TESTABILITY = YES;
				GCC_C_LANGUAGE_STANDARD = gnu11;
				GCC_DYNAMIC_NO_PIC = NO;
				GCC_NO_COMMON_BLOCKS = YES;
				GCC_OPTIMIZATION_LEVEL = 0;
				GCC_PREPROCESSOR_DEFINITIONS = (
					"DEBUG=1",
					"$(inherited)",
				);
				GCC_WARN_64_TO_32_BIT_CONVERSION = YES;
				GCC_WARN_ABOUT_RETURN_TYPE = YES_ERROR;
				GCC_WARN_UNDECLARED_SELECTOR = YES;
				GCC_WARN_UNINITIALIZED_AUTOS = YES_AGGRESSIVE;
				GCC_WARN_UNUSED_FUNCTION = YES;
				GCC_WARN_UNUSED_VARIABLE = YES;
				IPHONEOS_DEPLOYMENT_TARGET = 14.4;
				MTL_ENABLE_DEBUG_INFO = INCLUDE_SOURCE;
				MTL_FAST_MATH = YES;
				ONLY_ACTIVE_ARCH = YES;
				SDKROOT = iphoneos;
				SWIFT_ACTIVE_COMPILATION_CONDITIONS = DEBUG;
				SWIFT_OPTIMIZATION_LEVEL = "-Onone";
			};
			name = Debug;
		};
		1D0EE2D426B2EE600037AA5C /* Release */ = {
			isa = XCBuildConfiguration;
			buildSettings = {
				ALWAYS_SEARCH_USER_PATHS = NO;
				CLANG_ANALYZER_NONNULL = YES;
				CLANG_ANALYZER_NUMBER_OBJECT_CONVERSION = YES_AGGRESSIVE;
				CLANG_CXX_LANGUAGE_STANDARD = "gnu++14";
				CLANG_CXX_LIBRARY = "libc++";
				CLANG_ENABLE_MODULES = YES;
				CLANG_ENABLE_OBJC_ARC = YES;
				CLANG_ENABLE_OBJC_WEAK = YES;
				CLANG_WARN_BLOCK_CAPTURE_AUTORELEASING = YES;
				CLANG_WARN_BOOL_CONVERSION = YES;
				CLANG_WARN_COMMA = YES;
				CLANG_WARN_CONSTANT_CONVERSION = YES;
				CLANG_WARN_DEPRECATED_OBJC_IMPLEMENTATIONS = YES;
				CLANG_WARN_DIRECT_OBJC_ISA_USAGE = YES_ERROR;
				CLANG_WARN_DOCUMENTATION_COMMENTS = YES;
				CLANG_WARN_EMPTY_BODY = YES;
				CLANG_WARN_ENUM_CONVERSION = YES;
				CLANG_WARN_INFINITE_RECURSION = YES;
				CLANG_WARN_INT_CONVERSION = YES;
				CLANG_WARN_NON_LITERAL_NULL_CONVERSION = YES;
				CLANG_WARN_OBJC_IMPLICIT_RETAIN_SELF = YES;
				CLANG_WARN_OBJC_LITERAL_CONVERSION = YES;
				CLANG_WARN_OBJC_ROOT_CLASS = YES_ERROR;
				CLANG_WARN_QUOTED_INCLUDE_IN_FRAMEWORK_HEADER = YES;
				CLANG_WARN_RANGE_LOOP_ANALYSIS = YES;
				CLANG_WARN_STRICT_PROTOTYPES = YES;
				CLANG_WARN_SUSPICIOUS_MOVE = YES;
				CLANG_WARN_UNGUARDED_AVAILABILITY = YES_AGGRESSIVE;
				CLANG_WARN_UNREACHABLE_CODE = YES;
				CLANG_WARN__DUPLICATE_METHOD_MATCH = YES;
				COPY_PHASE_STRIP = NO;
				DEBUG_INFORMATION_FORMAT = "dwarf-with-dsym";
				ENABLE_NS_ASSERTIONS = NO;
				ENABLE_STRICT_OBJC_MSGSEND = YES;
				GCC_C_LANGUAGE_STANDARD = gnu11;
				GCC_NO_COMMON_BLOCKS = YES;
				GCC_WARN_64_TO_32_BIT_CONVERSION = YES;
				GCC_WARN_ABOUT_RETURN_TYPE = YES_ERROR;
				GCC_WARN_UNDECLARED_SELECTOR = YES;
				GCC_WARN_UNINITIALIZED_AUTOS = YES_AGGRESSIVE;
				GCC_WARN_UNUSED_FUNCTION = YES;
				GCC_WARN_UNUSED_VARIABLE = YES;
				IPHONEOS_DEPLOYMENT_TARGET = 14.4;
				MTL_ENABLE_DEBUG_INFO = NO;
				MTL_FAST_MATH = YES;
				SDKROOT = iphoneos;
				SWIFT_COMPILATION_MODE = wholemodule;
				SWIFT_OPTIMIZATION_LEVEL = "-O";
				VALIDATE_PRODUCT = YES;
			};
			name = Release;
		};
		1D0EE2D626B2EE600037AA5C /* Debug */ = {
			isa = XCBuildConfiguration;
			buildSettings = {
				ASSETCATALOG_COMPILER_APPICON_NAME = AppIcon;
				ASSETCATALOG_COMPILER_GLOBAL_ACCENT_COLOR_NAME = AccentColor;
				CODE_SIGN_STYLE = Automatic;
				DEVELOPMENT_TEAM = HUHX572364;
				INFOPLIST_FILE = "KWK Mini Project 1/Info.plist";
				LD_RUNPATH_SEARCH_PATHS = (
					"$(inherited)",
					"@executable_path/Frameworks",
				);
				PRODUCT_BUNDLE_IDENTIFIER = "com.kamalikakummathi.KWK-Mini-Project-1";
				PRODUCT_NAME = "$(TARGET_NAME)";
				SWIFT_VERSION = 5.0;
				TARGETED_DEVICE_FAMILY = "1,2";
			};
			name = Debug;
		};
		1D0EE2D726B2EE600037AA5C /* Release */ = {
			isa = XCBuildConfiguration;
			buildSettings = {
				ASSETCATALOG_COMPILER_APPICON_NAME = AppIcon;
				ASSETCATALOG_COMPILER_GLOBAL_ACCENT_COLOR_NAME = AccentColor;
				CODE_SIGN_STYLE = Automatic;
				DEVELOPMENT_TEAM = HUHX572364;
				INFOPLIST_FILE = "KWK Mini Project 1/Info.plist";
				LD_RUNPATH_SEARCH_PATHS = (
					"$(inherited)",
					"@executable_path/Frameworks",
				);
				PRODUCT_BUNDLE_IDENTIFIER = "com.kamalikakummathi.KWK-Mini-Project-1";
				PRODUCT_NAME = "$(TARGET_NAME)";
				SWIFT_VERSION = 5.0;
				TARGETED_DEVICE_FAMILY = "1,2";
			};
			name = Release;
		};
		1D0EE2D926B2EE600037AA5C /* Debug */ = {
			isa = XCBuildConfiguration;
			buildSettings = {
				ALWAYS_EMBED_SWIFT_STANDARD_LIBRARIES = YES;
				BUNDLE_LOADER = "$(TEST_HOST)";
				CODE_SIGN_STYLE = Automatic;
				DEVELOPMENT_TEAM = HUHX572364;
				INFOPLIST_FILE = "KWK Mini Project 1Tests/Info.plist";
				IPHONEOS_DEPLOYMENT_TARGET = 14.4;
				LD_RUNPATH_SEARCH_PATHS = (
					"$(inherited)",
					"@executable_path/Frameworks",
					"@loader_path/Frameworks",
				);
				PRODUCT_BUNDLE_IDENTIFIER = "com.kamalikakummathi.KWK-Mini-Project-1Tests";
				PRODUCT_NAME = "$(TARGET_NAME)";
				SWIFT_VERSION = 5.0;
				TARGETED_DEVICE_FAMILY = "1,2";
				TEST_HOST = "$(BUILT_PRODUCTS_DIR)/KWK Mini Project 1.app/KWK Mini Project 1";
			};
			name = Debug;
		};
		1D0EE2DA26B2EE600037AA5C /* Release */ = {
			isa = XCBuildConfiguration;
			buildSettings = {
				ALWAYS_EMBED_SWIFT_STANDARD_LIBRARIES = YES;
				BUNDLE_LOADER = "$(TEST_HOST)";
				CODE_SIGN_STYLE = Automatic;
				DEVELOPMENT_TEAM = HUHX572364;
				INFOPLIST_FILE = "KWK Mini Project 1Tests/Info.plist";
				IPHONEOS_DEPLOYMENT_TARGET = 14.4;
				LD_RUNPATH_SEARCH_PATHS = (
					"$(inherited)",
					"@executable_path/Frameworks",
					"@loader_path/Frameworks",
				);
				PRODUCT_BUNDLE_IDENTIFIER = "com.kamalikakummathi.KWK-Mini-Project-1Tests";
				PRODUCT_NAME = "$(TARGET_NAME)";
				SWIFT_VERSION = 5.0;
				TARGETED_DEVICE_FAMILY = "1,2";
				TEST_HOST = "$(BUILT_PRODUCTS_DIR)/KWK Mini Project 1.app/KWK Mini Project 1";
			};
			name = Release;
		};
		1D0EE2DC26B2EE600037AA5C /* Debug */ = {
			isa = XCBuildConfiguration;
			buildSettings = {
				ALWAYS_EMBED_SWIFT_STANDARD_LIBRARIES = YES;
				CODE_SIGN_STYLE = Automatic;
				DEVELOPMENT_TEAM = HUHX572364;
				INFOPLIST_FILE = "KWK Mini Project 1UITests/Info.plist";
				LD_RUNPATH_SEARCH_PATHS = (
					"$(inherited)",
					"@executable_path/Frameworks",
					"@loader_path/Frameworks",
				);
				PRODUCT_BUNDLE_IDENTIFIER = "com.kamalikakummathi.KWK-Mini-Project-1UITests";
				PRODUCT_NAME = "$(TARGET_NAME)";
				SWIFT_VERSION = 5.0;
				TARGETED_DEVICE_FAMILY = "1,2";
				TEST_TARGET_NAME = "KWK Mini Project 1";
			};
			name = Debug;
		};
		1D0EE2DD26B2EE600037AA5C /* Release */ = {
			isa = XCBuildConfiguration;
			buildSettings = {
				ALWAYS_EMBED_SWIFT_STANDARD_LIBRARIES = YES;
				CODE_SIGN_STYLE = Automatic;
				DEVELOPMENT_TEAM = HUHX572364;
				INFOPLIST_FILE = "KWK Mini Project 1UITests/Info.plist";
				LD_RUNPATH_SEARCH_PATHS = (
					"$(inherited)",
					"@executable_path/Frameworks",
					"@loader_path/Frameworks",
				);
				PRODUCT_BUNDLE_IDENTIFIER = "com.kamalikakummathi.KWK-Mini-Project-1UITests";
				PRODUCT_NAME = "$(TARGET_NAME)";
				SWIFT_VERSION = 5.0;
				TARGETED_DEVICE_FAMILY = "1,2";
				TEST_TARGET_NAME = "KWK Mini Project 1";
			};
			name = Release;
		};
/* End XCBuildConfiguration section */

/* Begin XCConfigurationList section */
		1D0EE2A626B2EE560037AA5C /* Build configuration list for PBXProject "KWK Mini Project 1" */ = {
			isa = XCConfigurationList;
			buildConfigurations = (
				1D0EE2D326B2EE600037AA5C /* Debug */,
				1D0EE2D426B2EE600037AA5C /* Release */,
			);
			defaultConfigurationIsVisible = 0;
			defaultConfigurationName = Release;
		};
		1D0EE2D526B2EE600037AA5C /* Build configuration list for PBXNativeTarget "KWK Mini Project 1" */ = {
			isa = XCConfigurationList;
			buildConfigurations = (
				1D0EE2D626B2EE600037AA5C /* Debug */,
				1D0EE2D726B2EE600037AA5C /* Release */,
			);
			defaultConfigurationIsVisible = 0;
			defaultConfigurationName = Release;
		};
		1D0EE2D826B2EE600037AA5C /* Build configuration list for PBXNativeTarget "KWK Mini Project 1Tests" */ = {
			isa = XCConfigurationList;
			buildConfigurations = (
				1D0EE2D926B2EE600037AA5C /* Debug */,
				1D0EE2DA26B2EE600037AA5C /* Release */,
			);
			defaultConfigurationIsVisible = 0;
			defaultConfigurationName = Release;
		};
		1D0EE2DB26B2EE600037AA5C /* Build configuration list for PBXNativeTarget "KWK Mini Project 1UITests" */ = {
			isa = XCConfigurationList;
			buildConfigurations = (
				1D0EE2DC26B2EE600037AA5C /* Debug */,
				1D0EE2DD26B2EE600037AA5C /* Release */,
			);
			defaultConfigurationIsVisible = 0;
			defaultConfigurationName = Release;
		};
/* End XCConfigurationList section */
	};
	rootObject = 1D0EE2A326B2EE560037AA5C /* Project object */;
}
